
Microsoft Visual Studio Solution File, Format Version 12.00
# Visual Studio Version 17
VisualStudioVersion = 17.2.32602.215
MinimumVisualStudioVersion = 10.0.40219.1
Project("{9A19103F-16F7-4668-BE54-9A1E7A4F7556}") = "GrpcGreeterClient", "GrpcGreeterClient\GrpcGreeterClient.csproj", "{29673879-7DB6-4452-8578-8493D3718045}"
EndProject
Project("{9A19103F-16F7-4668-BE54-9A1E7A4F7556}") = "GrpcGreeterServer", "GrpcGreeterServer\GrpcGreeterServer.csproj", "{922E378C-3247-482B-91C8-9ECB2A835F00}"
EndProject
Project("{9A19103F-16F7-4668-BE54-9A1E7A4F7556}") = "GrpcWorkerProcess", "GrpcWorkerProcess\GrpcWorkerProcess.csproj", "{92DD14C2-F123-4DEA-88C5-7B5C98BF74AD}"
EndProject
Project("{FAE04EC0-301F-11D3-BF4B-00C04F79EFBC}") = "GrpcWebAPIClient", "GrpcWebAPIClient\GrpcWebAPIClient.csproj", "{DB456665-CD36-425A-9800-F597FDD28C7E}"
EndProject
Global
	GlobalSection(SolutionConfigurationPlatforms) = preSolution
		Debug|Any CPU = Debug|Any CPU
		Release|Any CPU = Release|Any CPU
	EndGlobalSection
	GlobalSection(ProjectConfigurationPlatforms) = postSolution
		{29673879-7DB6-4452-8578-8493D3718045}.Debug|Any CPU.ActiveCfg = Debug|Any CPU
		{29673879-7DB6-4452-8578-8493D3718045}.Debug|Any CPU.Build.0 = Debug|Any CPU
		{29673879-7DB6-4452-8578-8493D3718045}.Release|Any CPU.ActiveCfg = Release|Any CPU
		{29673879-7DB6-4452-8578-8493D3718045}.Release|Any CPU.Build.0 = Release|Any CPU
		{922E378C-3247-482B-91C8-9ECB2A835F00}.Debug|Any CPU.ActiveCfg = Debug|Any CPU
		{922E378C-3247-482B-91C8-9ECB2A835F00}.Debug|Any CPU.Build.0 = Debug|Any CPU
		{922E378C-3247-482B-91C8-9ECB2A835F00}.Release|Any CPU.ActiveCfg = Release|Any CPU
		{922E378C-3247-482B-91C8-9ECB2A835F00}.Release|Any CPU.Build.0 = Release|Any CPU
		{92DD14C2-F123-4DEA-88C5-7B5C98BF74AD}.Debug|Any CPU.ActiveCfg = Debug|Any CPU
		{92DD14C2-F123-4DEA-88C5-7B5C98BF74AD}.Debug|Any CPU.Build.0 = Debug|Any CPU
		{92DD14C2-F123-4DEA-88C5-7B5C98BF74AD}.Release|Any CPU.ActiveCfg = Release|Any CPU
		{92DD14C2-F123-4DEA-88C5-7B5C98BF74AD}.Release|Any CPU.Build.0 = Release|Any CPU
		{DB456665-CD36-425A-9800-F597FDD28C7E}.Debug|Any CPU.ActiveCfg = Debug|Any CPU
		{DB456665-CD36-425A-9800-F597FDD28C7E}.Debug|Any CPU.Build.0 = Debug|Any CPU
		{DB456665-CD36-425A-9800-F597FDD28C7E}.Release|Any CPU.ActiveCfg = Release|Any CPU
		{DB456665-CD36-425A-9800-F597FDD28C7E}.Release|Any CPU.Build.0 = Release|Any CPU
	EndGlobalSection
	GlobalSection(SolutionProperties) = preSolution
		HideSolutionNode = FALSE
	EndGlobalSection
	GlobalSection(ExtensibilityGlobals) = postSolution
		SolutionGuid = {494E1F10-9D5A-4389-B4B9-8E5B85DE42B1}
	EndGlobalSection
EndGlobal
